
Microsoft Visual Studio Solution File, Format Version 12.00
# Visual Studio 2013
VisualStudioVersion = 12.0.30501.0
MinimumVisualStudioVersion = 10.0.40219.1
Project("{FAE04EC0-301F-11D3-BF4B-00C04F79EFBC}") = "Domain", "Domain\Domain.csproj", "{E4BB51E4-1D40-4637-A115-9C9B7143027B}"
EndProject
Project("{FAE04EC0-301F-11D3-BF4B-00C04F79EFBC}") = "Domain.Tests", "Domain.Tests\Domain.Tests.csproj", "{B56D83C8-0FD8-4593-AD9E-52080D555592}"
EndProject
Project("{FAE04EC0-301F-11D3-BF4B-00C04F79EFBC}") = "ConsoleApp", "ConsoleApp\ConsoleApp.csproj", "{2376FA2E-B24F-41B5-89D4-C9B1B7979EE1}"
EndProject
Project("{FAE04EC0-301F-11D3-BF4B-00C04F79EFBC}") = "Infrastructure", "Infrastructure\Infrastructure.csproj", "{720730D7-C87D-4EA4-A549-9AB6284C3EFE}"
EndProject
Project("{2150E333-8FDC-42A3-9474-1A3956D46DE8}") = "Solution Items", "Solution Items", "{1C0C75F0-D45D-4D42-8BD3-C8FE42BBEC97}"
	ProjectSection(SolutionItems) = preProject
		README.txt = README.txt
	EndProjectSection
EndProject
Global
	GlobalSection(SolutionConfigurationPlatforms) = preSolution
		Debug|Any CPU = Debug|Any CPU
		Release|Any CPU = Release|Any CPU
	EndGlobalSection
	GlobalSection(ProjectConfigurationPlatforms) = postSolution
		{E4BB51E4-1D40-4637-A115-9C9B7143027B}.Debug|Any CPU.ActiveCfg = Debug|Any CPU
		{E4BB51E4-1D40-4637-A115-9C9B7143027B}.Debug|Any CPU.Build.0 = Debug|Any CPU
		{E4BB51E4-1D40-4637-A115-9C9B7143027B}.Release|Any CPU.ActiveCfg = Release|Any CPU
		{E4BB51E4-1D40-4637-A115-9C9B7143027B}.Release|Any CPU.Build.0 = Release|Any CPU
		{B56D83C8-0FD8-4593-AD9E-52080D555592}.Debug|Any CPU.ActiveCfg = Debug|Any CPU
		{B56D83C8-0FD8-4593-AD9E-52080D555592}.Debug|Any CPU.Build.0 = Debug|Any CPU
		{B56D83C8-0FD8-4593-AD9E-52080D555592}.Release|Any CPU.ActiveCfg = Release|Any CPU
		{B56D83C8-0FD8-4593-AD9E-52080D555592}.Release|Any CPU.Build.0 = Release|Any CPU
		{2376FA2E-B24F-41B5-89D4-C9B1B7979EE1}.Debug|Any CPU.ActiveCfg = Debug|Any CPU
		{2376FA2E-B24F-41B5-89D4-C9B1B7979EE1}.Debug|Any CPU.Build.0 = Debug|Any CPU
		{2376FA2E-B24F-41B5-89D4-C9B1B7979EE1}.Release|Any CPU.ActiveCfg = Release|Any CPU
		{2376FA2E-B24F-41B5-89D4-C9B1B7979EE1}.Release|Any CPU.Build.0 = Release|Any CPU
		{720730D7-C87D-4EA4-A549-9AB6284C3EFE}.Debug|Any CPU.ActiveCfg = Debug|Any CPU
		{720730D7-C87D-4EA4-A549-9AB6284C3EFE}.Debug|Any CPU.Build.0 = Debug|Any CPU
		{720730D7-C87D-4EA4-A549-9AB6284C3EFE}.Release|Any CPU.ActiveCfg = Release|Any CPU
		{720730D7-C87D-4EA4-A549-9AB6284C3EFE}.Release|Any CPU.Build.0 = Release|Any CPU
	EndGlobalSection
	GlobalSection(SolutionProperties) = preSolution
		HideSolutionNode = FALSE
	EndGlobalSection
EndGlobal
